
Microsoft Visual Studio Solution File, Format Version 12.00
Project("{FAE04EC0-301F-11D3-BF4B-00C04F79EFBC}") = "17_Delegates", "17_Delegates\17_Delegates.csproj", "{A421D174-0E70-4FDA-A8CC-E26894CE49F4}"
EndProject
Project("{FAE04EC0-301F-11D3-BF4B-00C04F79EFBC}") = "19_GC", "19_GC\19_GC.csproj", "{1EB21C24-0C24-41CF-848C-8A8180E3BEFE}"
EndProject
Project("{FAE04EC0-301F-11D3-BF4B-00C04F79EFBC}") = "21_NewLangFeatures", "21_NewLangFeatures\21_NewLangFeatures.csproj", "{A69D12DC-CAD1-438B-9FA7-81A9A8E4C132}"
EndProject
Project("{FAE04EC0-301F-11D3-BF4B-00C04F79EFBC}") = "23_ProcessThread_HW", "23_ProcessThread_HW\23_ProcessThread_HW.csproj", "{F320FAF4-F30A-4849-9F57-1A24FD23A7F5}"
EndProject
Project("{2150E333-8FDC-42A3-9474-1A3956D46DE8}") = "CSharpAdvanced", "CSharpAdvanced", "{379561FC-CBB1-4F2F-9E14-CE08D86A090F}"
EndProject
Project("{2150E333-8FDC-42A3-9474-1A3956D46DE8}") = "ASPNETCORE", "ASPNETCORE", "{DFE8044D-FDBA-42AA-8F85-E12A9A3422E2}"
EndProject
Project("{2150E333-8FDC-42A3-9474-1A3956D46DE8}") = "gRpcExamples", "gRpcExamples", "{92BDFC4E-94C3-4437-98E4-CB41A3A24BC8}"
	ProjectSection(SolutionItems) = preProject
		ASPNETCORE\gRpcExamples\Directory.Build.props = ASPNETCORE\gRpcExamples\Directory.Build.props
	EndProjectSection
EndProject
Project("{2150E333-8FDC-42A3-9474-1A3956D46DE8}") = "Greeter", "Greeter", "{618A4BCB-77B3-4B8F-A0C2-84D312FFB62B}"
EndProject
Project("{FAE04EC0-301F-11D3-BF4B-00C04F79EFBC}") = "Client", "ASPNETCORE\gRpcExamples\Greeter\Client\Client.csproj", "{E20F2047-413E-4704-BA1D-DF7DF2BEF66F}"
EndProject
Project("{FAE04EC0-301F-11D3-BF4B-00C04F79EFBC}") = "Server", "ASPNETCORE\gRpcExamples\Greeter\Server\Server.csproj", "{EC7E10F3-2A3B-4822-89D0-EC712828FDF1}"
EndProject
Project("{2150E333-8FDC-42A3-9474-1A3956D46DE8}") = "Counter", "Counter", "{2B30142D-A229-4AB3-83E8-A9D100DEABA1}"
EndProject
Project("{FAE04EC0-301F-11D3-BF4B-00C04F79EFBC}") = "Client", "ASPNETCORE\gRpcExamples\Counter\Client\Client.csproj", "{180FF4B8-0D1D-48E9-BAEF-30706CF5D42E}"
EndProject
Project("{2150E333-8FDC-42A3-9474-1A3956D46DE8}") = "Mailer", "Mailer", "{ED138A24-97D4-42BA-A733-E59ECDA3D104}"
EndProject
Project("{FAE04EC0-301F-11D3-BF4B-00C04F79EFBC}") = "Client", "ASPNETCORE\gRpcExamples\Mailer\Client\Client.csproj", "{C653887F-F408-422D-9FEC-99A2AB4BCC86}"
EndProject
Project("{FAE04EC0-301F-11D3-BF4B-00C04F79EFBC}") = "Server", "ASPNETCORE\gRpcExamples\Mailer\Server\Server.csproj", "{603532E9-6F6E-4CC5-AE43-B0C90A9C8BDB}"
EndProject
Project("{FAE04EC0-301F-11D3-BF4B-00C04F79EFBC}") = "Server", "ASPNETCORE\gRpcExamples\Counter\Server\Server.csproj", "{8428A7DF-CE9C-43FA-B11E-07F7E85931DA}"
EndProject
Project("{FAE04EC0-301F-11D3-BF4B-00C04F79EFBC}") = "26_SynchonizationPrimitives", "26_SynchonizationPrimitives\26_SynchonizationPrimitives.csproj", "{7C3DA022-8063-4905-A7F5-1D3CEC264006}"
EndProject
Project("{FAE04EC0-301F-11D3-BF4B-00C04F79EFBC}") = "28_InProcessCommunication", "28_InProcessCommunication\28_InProcessCommunication.csproj", "{81F234A4-B601-42EB-A5FF-A70EB75D0F61}"
EndProject
Project("{FAE04EC0-301F-11D3-BF4B-00C04F79EFBC}") = "29_Patterns", "29_Patterns\29_Patterns.csproj", "{8B346BA7-6A43-4969-864C-7A313EC82049}"
EndProject
Project("{2150E333-8FDC-42A3-9474-1A3956D46DE8}") = "DomainEventsCQRS", "DomainEventsCQRS", "{E74160C3-1D89-40C4-ADB5-311A0514EDDB}"
EndProject
Project("{FAE04EC0-301F-11D3-BF4B-00C04F79EFBC}") = "MaualDomainEvents", "ASPNETCORE\DomainEventsCQRS\MaualDomainEvents\MaualDomainEvents.csproj", "{79969E70-F30B-47B4-B98B-35370AA21636}"
EndProject
Project("{FAE04EC0-301F-11D3-BF4B-00C04F79EFBC}") = "DomainEventsWithMediatR", "ASPNETCORE\DomainEventsCQRS\DomainEventsWithMediatR\DomainEventsWithMediatR.csproj", "{BD692497-B2C7-4C1F-AE29-48F5575066DE}"
EndProject
Project("{FAE04EC0-301F-11D3-BF4B-00C04F79EFBC}") = "PollyLesson", "ASPNETCORE\PollyLesson\PollyLesson.csproj", "{7D7A2BE3-0889-4D17-BD64-BE479BD85EFF}"
EndProject
Project("{FAE04EC0-301F-11D3-BF4B-00C04F79EFBC}") = "ValidationLesson", "ASPNETCORE\ValidationLesson\ValidationLesson.csproj", "{B14A79C6-CD31-443A-8C15-07B49AA5C4FA}"
EndProject
Project("{FAE04EC0-301F-11D3-BF4B-00C04F79EFBC}") = "FluentValidationLesson.Test", "ASPNETCORE\FluentValidationLesson.Test\FluentValidationLesson.Test.csproj", "{0905B605-C021-4A15-9DC7-D2AA39D2CC02}"
EndProject
Project("{FAE04EC0-301F-11D3-BF4B-00C04F79EFBC}") = "ShopClientLib", "ASPNETCORE\ShopClientLib\ShopClientLib.csproj", "{0789B8E5-CBCE-4BB0-8765-6C84128E9939}"
EndProject
Global
	GlobalSection(SolutionConfigurationPlatforms) = preSolution
		Debug|Any CPU = Debug|Any CPU
		Release|Any CPU = Release|Any CPU
	EndGlobalSection
	GlobalSection(ProjectConfigurationPlatforms) = postSolution
		{A421D174-0E70-4FDA-A8CC-E26894CE49F4}.Debug|Any CPU.ActiveCfg = Debug|Any CPU
		{A421D174-0E70-4FDA-A8CC-E26894CE49F4}.Debug|Any CPU.Build.0 = Debug|Any CPU
		{A421D174-0E70-4FDA-A8CC-E26894CE49F4}.Release|Any CPU.ActiveCfg = Release|Any CPU
		{A421D174-0E70-4FDA-A8CC-E26894CE49F4}.Release|Any CPU.Build.0 = Release|Any CPU
		{1EB21C24-0C24-41CF-848C-8A8180E3BEFE}.Debug|Any CPU.ActiveCfg = Debug|Any CPU
		{1EB21C24-0C24-41CF-848C-8A8180E3BEFE}.Debug|Any CPU.Build.0 = Debug|Any CPU
		{1EB21C24-0C24-41CF-848C-8A8180E3BEFE}.Release|Any CPU.ActiveCfg = Release|Any CPU
		{1EB21C24-0C24-41CF-848C-8A8180E3BEFE}.Release|Any CPU.Build.0 = Release|Any CPU
		{A69D12DC-CAD1-438B-9FA7-81A9A8E4C132}.Debug|Any CPU.ActiveCfg = Debug|Any CPU
		{A69D12DC-CAD1-438B-9FA7-81A9A8E4C132}.Debug|Any CPU.Build.0 = Debug|Any CPU
		{A69D12DC-CAD1-438B-9FA7-81A9A8E4C132}.Release|Any CPU.ActiveCfg = Release|Any CPU
		{A69D12DC-CAD1-438B-9FA7-81A9A8E4C132}.Release|Any CPU.Build.0 = Release|Any CPU
		{F320FAF4-F30A-4849-9F57-1A24FD23A7F5}.Debug|Any CPU.ActiveCfg = Debug|Any CPU
		{F320FAF4-F30A-4849-9F57-1A24FD23A7F5}.Debug|Any CPU.Build.0 = Debug|Any CPU
		{F320FAF4-F30A-4849-9F57-1A24FD23A7F5}.Release|Any CPU.ActiveCfg = Release|Any CPU
		{F320FAF4-F30A-4849-9F57-1A24FD23A7F5}.Release|Any CPU.Build.0 = Release|Any CPU
		{E20F2047-413E-4704-BA1D-DF7DF2BEF66F}.Debug|Any CPU.ActiveCfg = Debug|Any CPU
		{E20F2047-413E-4704-BA1D-DF7DF2BEF66F}.Debug|Any CPU.Build.0 = Debug|Any CPU
		{E20F2047-413E-4704-BA1D-DF7DF2BEF66F}.Release|Any CPU.ActiveCfg = Release|Any CPU
		{E20F2047-413E-4704-BA1D-DF7DF2BEF66F}.Release|Any CPU.Build.0 = Release|Any CPU
		{EC7E10F3-2A3B-4822-89D0-EC712828FDF1}.Debug|Any CPU.ActiveCfg = Debug|Any CPU
		{EC7E10F3-2A3B-4822-89D0-EC712828FDF1}.Debug|Any CPU.Build.0 = Debug|Any CPU
		{EC7E10F3-2A3B-4822-89D0-EC712828FDF1}.Release|Any CPU.ActiveCfg = Release|Any CPU
		{EC7E10F3-2A3B-4822-89D0-EC712828FDF1}.Release|Any CPU.Build.0 = Release|Any CPU
		{180FF4B8-0D1D-48E9-BAEF-30706CF5D42E}.Debug|Any CPU.ActiveCfg = Debug|Any CPU
		{180FF4B8-0D1D-48E9-BAEF-30706CF5D42E}.Debug|Any CPU.Build.0 = Debug|Any CPU
		{180FF4B8-0D1D-48E9-BAEF-30706CF5D42E}.Release|Any CPU.ActiveCfg = Release|Any CPU
		{180FF4B8-0D1D-48E9-BAEF-30706CF5D42E}.Release|Any CPU.Build.0 = Release|Any CPU
		{C653887F-F408-422D-9FEC-99A2AB4BCC86}.Debug|Any CPU.ActiveCfg = Debug|Any CPU
		{C653887F-F408-422D-9FEC-99A2AB4BCC86}.Debug|Any CPU.Build.0 = Debug|Any CPU
		{C653887F-F408-422D-9FEC-99A2AB4BCC86}.Release|Any CPU.ActiveCfg = Release|Any CPU
		{C653887F-F408-422D-9FEC-99A2AB4BCC86}.Release|Any CPU.Build.0 = Release|Any CPU
		{603532E9-6F6E-4CC5-AE43-B0C90A9C8BDB}.Debug|Any CPU.ActiveCfg = Debug|Any CPU
		{603532E9-6F6E-4CC5-AE43-B0C90A9C8BDB}.Debug|Any CPU.Build.0 = Debug|Any CPU
		{603532E9-6F6E-4CC5-AE43-B0C90A9C8BDB}.Release|Any CPU.ActiveCfg = Release|Any CPU
		{603532E9-6F6E-4CC5-AE43-B0C90A9C8BDB}.Release|Any CPU.Build.0 = Release|Any CPU
		{8428A7DF-CE9C-43FA-B11E-07F7E85931DA}.Debug|Any CPU.ActiveCfg = Debug|Any CPU
		{8428A7DF-CE9C-43FA-B11E-07F7E85931DA}.Debug|Any CPU.Build.0 = Debug|Any CPU
		{8428A7DF-CE9C-43FA-B11E-07F7E85931DA}.Release|Any CPU.ActiveCfg = Release|Any CPU
		{8428A7DF-CE9C-43FA-B11E-07F7E85931DA}.Release|Any CPU.Build.0 = Release|Any CPU
		{7C3DA022-8063-4905-A7F5-1D3CEC264006}.Debug|Any CPU.ActiveCfg = Debug|Any CPU
		{7C3DA022-8063-4905-A7F5-1D3CEC264006}.Debug|Any CPU.Build.0 = Debug|Any CPU
		{7C3DA022-8063-4905-A7F5-1D3CEC264006}.Release|Any CPU.ActiveCfg = Release|Any CPU
		{7C3DA022-8063-4905-A7F5-1D3CEC264006}.Release|Any CPU.Build.0 = Release|Any CPU
		{81F234A4-B601-42EB-A5FF-A70EB75D0F61}.Debug|Any CPU.ActiveCfg = Debug|Any CPU
		{81F234A4-B601-42EB-A5FF-A70EB75D0F61}.Debug|Any CPU.Build.0 = Debug|Any CPU
		{81F234A4-B601-42EB-A5FF-A70EB75D0F61}.Release|Any CPU.ActiveCfg = Release|Any CPU
		{81F234A4-B601-42EB-A5FF-A70EB75D0F61}.Release|Any CPU.Build.0 = Release|Any CPU
		{8B346BA7-6A43-4969-864C-7A313EC82049}.Debug|Any CPU.ActiveCfg = Debug|Any CPU
		{8B346BA7-6A43-4969-864C-7A313EC82049}.Debug|Any CPU.Build.0 = Debug|Any CPU
		{8B346BA7-6A43-4969-864C-7A313EC82049}.Release|Any CPU.ActiveCfg = Release|Any CPU
		{8B346BA7-6A43-4969-864C-7A313EC82049}.Release|Any CPU.Build.0 = Release|Any CPU
		{79969E70-F30B-47B4-B98B-35370AA21636}.Debug|Any CPU.ActiveCfg = Debug|Any CPU
		{79969E70-F30B-47B4-B98B-35370AA21636}.Debug|Any CPU.Build.0 = Debug|Any CPU
		{79969E70-F30B-47B4-B98B-35370AA21636}.Release|Any CPU.ActiveCfg = Release|Any CPU
		{79969E70-F30B-47B4-B98B-35370AA21636}.Release|Any CPU.Build.0 = Release|Any CPU
		{BD692497-B2C7-4C1F-AE29-48F5575066DE}.Debug|Any CPU.ActiveCfg = Debug|Any CPU
		{BD692497-B2C7-4C1F-AE29-48F5575066DE}.Debug|Any CPU.Build.0 = Debug|Any CPU
		{BD692497-B2C7-4C1F-AE29-48F5575066DE}.Release|Any CPU.ActiveCfg = Release|Any CPU
		{BD692497-B2C7-4C1F-AE29-48F5575066DE}.Release|Any CPU.Build.0 = Release|Any CPU
		{7D7A2BE3-0889-4D17-BD64-BE479BD85EFF}.Debug|Any CPU.ActiveCfg = Debug|Any CPU
		{7D7A2BE3-0889-4D17-BD64-BE479BD85EFF}.Debug|Any CPU.Build.0 = Debug|Any CPU
		{7D7A2BE3-0889-4D17-BD64-BE479BD85EFF}.Release|Any CPU.ActiveCfg = Release|Any CPU
		{7D7A2BE3-0889-4D17-BD64-BE479BD85EFF}.Release|Any CPU.Build.0 = Release|Any CPU
		{B14A79C6-CD31-443A-8C15-07B49AA5C4FA}.Debug|Any CPU.ActiveCfg = Debug|Any CPU
		{B14A79C6-CD31-443A-8C15-07B49AA5C4FA}.Debug|Any CPU.Build.0 = Debug|Any CPU
		{B14A79C6-CD31-443A-8C15-07B49AA5C4FA}.Release|Any CPU.ActiveCfg = Release|Any CPU
		{B14A79C6-CD31-443A-8C15-07B49AA5C4FA}.Release|Any CPU.Build.0 = Release|Any CPU
		{0905B605-C021-4A15-9DC7-D2AA39D2CC02}.Debug|Any CPU.ActiveCfg = Debug|Any CPU
		{0905B605-C021-4A15-9DC7-D2AA39D2CC02}.Debug|Any CPU.Build.0 = Debug|Any CPU
		{0905B605-C021-4A15-9DC7-D2AA39D2CC02}.Release|Any CPU.ActiveCfg = Release|Any CPU
		{0905B605-C021-4A15-9DC7-D2AA39D2CC02}.Release|Any CPU.Build.0 = Release|Any CPU
		{0789B8E5-CBCE-4BB0-8765-6C84128E9939}.Debug|Any CPU.ActiveCfg = Debug|Any CPU
		{0789B8E5-CBCE-4BB0-8765-6C84128E9939}.Debug|Any CPU.Build.0 = Debug|Any CPU
		{0789B8E5-CBCE-4BB0-8765-6C84128E9939}.Release|Any CPU.ActiveCfg = Release|Any CPU
		{0789B8E5-CBCE-4BB0-8765-6C84128E9939}.Release|Any CPU.Build.0 = Release|Any CPU
	EndGlobalSection
	GlobalSection(NestedProjects) = preSolution
		{A421D174-0E70-4FDA-A8CC-E26894CE49F4} = {379561FC-CBB1-4F2F-9E14-CE08D86A090F}
		{1EB21C24-0C24-41CF-848C-8A8180E3BEFE} = {379561FC-CBB1-4F2F-9E14-CE08D86A090F}
		{A69D12DC-CAD1-438B-9FA7-81A9A8E4C132} = {379561FC-CBB1-4F2F-9E14-CE08D86A090F}
		{F320FAF4-F30A-4849-9F57-1A24FD23A7F5} = {379561FC-CBB1-4F2F-9E14-CE08D86A090F}
		{92BDFC4E-94C3-4437-98E4-CB41A3A24BC8} = {DFE8044D-FDBA-42AA-8F85-E12A9A3422E2}
		{618A4BCB-77B3-4B8F-A0C2-84D312FFB62B} = {92BDFC4E-94C3-4437-98E4-CB41A3A24BC8}
		{E20F2047-413E-4704-BA1D-DF7DF2BEF66F} = {618A4BCB-77B3-4B8F-A0C2-84D312FFB62B}
		{EC7E10F3-2A3B-4822-89D0-EC712828FDF1} = {618A4BCB-77B3-4B8F-A0C2-84D312FFB62B}
		{2B30142D-A229-4AB3-83E8-A9D100DEABA1} = {92BDFC4E-94C3-4437-98E4-CB41A3A24BC8}
		{180FF4B8-0D1D-48E9-BAEF-30706CF5D42E} = {2B30142D-A229-4AB3-83E8-A9D100DEABA1}
		{ED138A24-97D4-42BA-A733-E59ECDA3D104} = {92BDFC4E-94C3-4437-98E4-CB41A3A24BC8}
		{C653887F-F408-422D-9FEC-99A2AB4BCC86} = {ED138A24-97D4-42BA-A733-E59ECDA3D104}
		{603532E9-6F6E-4CC5-AE43-B0C90A9C8BDB} = {ED138A24-97D4-42BA-A733-E59ECDA3D104}
		{8428A7DF-CE9C-43FA-B11E-07F7E85931DA} = {2B30142D-A229-4AB3-83E8-A9D100DEABA1}
		{7C3DA022-8063-4905-A7F5-1D3CEC264006} = {379561FC-CBB1-4F2F-9E14-CE08D86A090F}
		{81F234A4-B601-42EB-A5FF-A70EB75D0F61} = {379561FC-CBB1-4F2F-9E14-CE08D86A090F}
		{8B346BA7-6A43-4969-864C-7A313EC82049} = {379561FC-CBB1-4F2F-9E14-CE08D86A090F}
		{E74160C3-1D89-40C4-ADB5-311A0514EDDB} = {DFE8044D-FDBA-42AA-8F85-E12A9A3422E2}
		{79969E70-F30B-47B4-B98B-35370AA21636} = {E74160C3-1D89-40C4-ADB5-311A0514EDDB}
		{BD692497-B2C7-4C1F-AE29-48F5575066DE} = {E74160C3-1D89-40C4-ADB5-311A0514EDDB}
		{7D7A2BE3-0889-4D17-BD64-BE479BD85EFF} = {DFE8044D-FDBA-42AA-8F85-E12A9A3422E2}
		{B14A79C6-CD31-443A-8C15-07B49AA5C4FA} = {DFE8044D-FDBA-42AA-8F85-E12A9A3422E2}
		{0905B605-C021-4A15-9DC7-D2AA39D2CC02} = {DFE8044D-FDBA-42AA-8F85-E12A9A3422E2}
		{0789B8E5-CBCE-4BB0-8765-6C84128E9939} = {DFE8044D-FDBA-42AA-8F85-E12A9A3422E2}
	EndGlobalSection
EndGlobal
